{
  "name": "SD-Animal-Shelter-Website",
  "lockfileVersion": 3,
  "requires": true,
  "packages": {
    "": {
      "dependencies": {
        "@angular/youtube-player": "^17.3.1"
      }
    },
    "node_modules/@angular/common": {
      "version": "17.3.1",
      "resolved": "https://registry.npmjs.org/@angular/common/-/common-17.3.1.tgz",
      "integrity": "sha512-HyUTJ4RxhE3bOmFRV6Fv2y01ixbrUb8Hd4MxPm8REbNMGKsWCfXhR3FfxFL18Sc03SAF+o0Md0wwekjFKTNKfQ==",
      "peer": true,
      "dependencies": {
        "tslib": "^2.3.0"
      },
      "engines": {
        "node": "^18.13.0 || >=20.9.0"
      },
      "peerDependencies": {
        "@angular/core": "17.3.1",
        "rxjs": "^6.5.3 || ^7.4.0"
      }
    },
    "node_modules/@angular/core": {
      "version": "17.3.1",
      "resolved": "https://registry.npmjs.org/@angular/core/-/core-17.3.1.tgz",
      "integrity": "sha512-Qf3/sgkXS1LHwOTtqAVYprySrn0YpPIZqerPc0tK+hyQfwAz5BQlpcBhbH8RWKlfCY8eO0cqo/j0+e8DQOgYfg==",
      "peer": true,
      "dependencies": {
        "tslib": "^2.3.0"
      },
      "engines": {
        "node": "^18.13.0 || >=20.9.0"
      },
      "peerDependencies": {
        "rxjs": "^6.5.3 || ^7.4.0",
        "zone.js": "~0.14.0"
      }
    },
    "node_modules/@angular/youtube-player": {
      "version": "17.3.1",
      "resolved": "https://registry.npmjs.org/@angular/youtube-player/-/youtube-player-17.3.1.tgz",
      "integrity": "sha512-nz3KeWAvGp0OSisapwiDvYz4CVjcoyugFl8OCwU242fuaNGfdMQkwR32x5QHHtRlz0tR185J4rAaCbx3w9Y23w==",
      "dependencies": {
        "@types/youtube": "^0.0.42",
        "tslib": "^2.3.0"
      },
      "peerDependencies": {
        "@angular/common": "^17.0.0 || ^18.0.0",
        "@angular/core": "^17.0.0 || ^18.0.0",
        "rxjs": "^6.5.3 || ^7.4.0"
      }
    },
    "node_modules/@types/youtube": {
      "version": "0.0.42",
      "resolved": "https://registry.npmjs.org/@types/youtube/-/youtube-0.0.42.tgz",
      "integrity": "sha512-Nqo3HMPFPcNyZ7HNFZJjpH+N4yXqpxBItG+41e7nL9zednovMRZMXWj36CctSznbBcbj6ucvkJDo5iZ8SKqLIw=="
    },
    "node_modules/rxjs": {
      "version": "7.8.1",
      "resolved": "https://registry.npmjs.org/rxjs/-/rxjs-7.8.1.tgz",
      "integrity": "sha512-AA3TVj+0A2iuIoQkWEK/tqFjBq2j+6PO6Y0zJcvzLAFhEFIO3HL0vls9hWLncZbAAbK0mar7oZ4V079I/qPMxg==",
      "peer": true,
      "dependencies": {
        "tslib": "^2.1.0"
      }
    },
    "node_modules/tslib": {
      "version": "2.6.2",
      "resolved": "https://registry.npmjs.org/tslib/-/tslib-2.6.2.tgz",
      "integrity": "sha512-AEYxH93jGFPn/a2iVAwW87VuUIkR1FVUKB77NwMF7nBTDkDrrT/Hpt/IrCJ0QXhW27jTBDcf5ZY7w6RiqTMw2Q=="
    },
    "node_modules/zone.js": {
      "version": "0.14.4",
      "resolved": "https://registry.npmjs.org/zone.js/-/zone.js-0.14.4.tgz",
      "integrity": "sha512-NtTUvIlNELez7Q1DzKVIFZBzNb646boQMgpATo9z3Ftuu/gWvzxCW7jdjcUDoRGxRikrhVHB/zLXh1hxeJawvw==",
      "peer": true,
      "dependencies": {
        "tslib": "^2.3.0"
      }
    }
  }
}
