{
  "name": "SD-Animal-Shelter-Website",
  "lockfileVersion": 3,
  "requires": true,
  "packages": {
    "": {
      "dependencies": {
        "@angular/platform-server": "^17.2.1",
        "@angular/router": "^17.2.1",
        "bootstrap": "^4.6.0"
      }
    },
    "node_modules/@angular/animations": {
      "version": "17.2.1",
      "resolved": "https://registry.npmjs.org/@angular/animations/-/animations-17.2.1.tgz",
      "integrity": "sha512-JCccG8EPM04OtN+Wayi79QnbkCYpKY69okWjEM7cPq8fbjIQE/ZAWxnzYMR/Xq3prwUtlH7LMyB5YdYCc6Ea1A==",
      "peer": true,
      "dependencies": {
        "tslib": "^2.3.0"
      },
      "engines": {
        "node": "^18.13.0 || >=20.9.0"
      },
      "peerDependencies": {
        "@angular/core": "17.2.1"
      }
    },
    "node_modules/@angular/common": {
      "version": "17.2.1",
      "resolved": "https://registry.npmjs.org/@angular/common/-/common-17.2.1.tgz",
      "integrity": "sha512-ZkQwvjJhnqKulJn3kwbnodYvQf8g8hy2FUMB2MRLXKgwLPv9iqF/KRgSwcNIZnq8hyvIr6FmAntMdyCOonykDQ==",
      "peer": true,
      "dependencies": {
        "tslib": "^2.3.0"
      },
      "engines": {
        "node": "^18.13.0 || >=20.9.0"
      },
      "peerDependencies": {
        "@angular/core": "17.2.1",
        "rxjs": "^6.5.3 || ^7.4.0"
      }
    },
    "node_modules/@angular/compiler": {
      "version": "17.2.1",
      "resolved": "https://registry.npmjs.org/@angular/compiler/-/compiler-17.2.1.tgz",
      "integrity": "sha512-jKk1ZQxZA/iGj0RsCa5rbd4gaygmfZcj7K1+VfGcY6NPyFkBGfFxIcA5fkZPOBvlNHjurXGuejA8NrsQ0kHbOw==",
      "peer": true,
      "dependencies": {
        "tslib": "^2.3.0"
      },
      "engines": {
        "node": "^18.13.0 || >=20.9.0"
      },
      "peerDependencies": {
        "@angular/core": "17.2.1"
      },
      "peerDependenciesMeta": {
        "@angular/core": {
          "optional": true
        }
      }
    },
    "node_modules/@angular/core": {
      "version": "17.2.1",
      "resolved": "https://registry.npmjs.org/@angular/core/-/core-17.2.1.tgz",
      "integrity": "sha512-gfWeskXA8RA0D3WOPBV5wT8RpqtqFhB8OCR8diGfLojqbMrmZXEvxALBHKAgfarWcR1rnRgmjCQKejWLWCLmmg==",
      "peer": true,
      "dependencies": {
        "tslib": "^2.3.0"
      },
      "engines": {
        "node": "^18.13.0 || >=20.9.0"
      },
      "peerDependencies": {
        "rxjs": "^6.5.3 || ^7.4.0",
        "zone.js": "~0.14.0"
      }
    },
    "node_modules/@angular/platform-browser": {
      "version": "17.2.1",
      "resolved": "https://registry.npmjs.org/@angular/platform-browser/-/platform-browser-17.2.1.tgz",
      "integrity": "sha512-on+fTZiDTBJmRQbQe6GOClqaUFe4GJdLS1EbmI+6/8Ntv4QW2PowWnaxajoqTj2Zrh22J9DSNy7RWcrQDdyU3g==",
      "peer": true,
      "dependencies": {
        "tslib": "^2.3.0"
      },
      "engines": {
        "node": "^18.13.0 || >=20.9.0"
      },
      "peerDependencies": {
        "@angular/animations": "17.2.1",
        "@angular/common": "17.2.1",
        "@angular/core": "17.2.1"
      },
      "peerDependenciesMeta": {
        "@angular/animations": {
          "optional": true
        }
      }
    },
    "node_modules/@angular/platform-server": {
      "version": "17.2.1",
      "resolved": "https://registry.npmjs.org/@angular/platform-server/-/platform-server-17.2.1.tgz",
      "integrity": "sha512-7R06FkmZ4/nDoHj4m15N9Bm92YcKU+YyDfg+vZIqDMGHAX1D5G2tFE2a5Bb+fG2xUfvpmJ6AoRQpdMMOltp7WQ==",
      "dependencies": {
        "tslib": "^2.3.0",
        "xhr2": "^0.2.0"
      },
      "engines": {
        "node": "^18.13.0 || >=20.9.0"
      },
      "peerDependencies": {
        "@angular/animations": "17.2.1",
        "@angular/common": "17.2.1",
        "@angular/compiler": "17.2.1",
        "@angular/core": "17.2.1",
        "@angular/platform-browser": "17.2.1"
      }
    },
    "node_modules/@angular/router": {
      "version": "17.2.1",
      "resolved": "https://registry.npmjs.org/@angular/router/-/router-17.2.1.tgz",
      "integrity": "sha512-sJFraoPTHV09jZQV3XcFHRJsY7EAuXcBn5k+7GGye60YgTXAjL3OC++Cuv4AScFYRp+IqbrE3I0tflsRtQzemw==",
      "dependencies": {
        "tslib": "^2.3.0"
      },
      "engines": {
        "node": "^18.13.0 || >=20.9.0"
      },
      "peerDependencies": {
        "@angular/common": "17.2.1",
        "@angular/core": "17.2.1",
        "@angular/platform-browser": "17.2.1",
        "rxjs": "^6.5.3 || ^7.4.0"
      }
    },
    "node_modules/bootstrap": {
      "version": "4.6.0",
      "resolved": "https://registry.npmjs.org/bootstrap/-/bootstrap-4.6.0.tgz",
      "integrity": "sha512-Io55IuQY3kydzHtbGvQya3H+KorS/M9rSNyfCGCg9WZ4pyT/lCxIlpJgG1GXW/PswzC84Tr2fBYi+7+jFVQQBw==",
      "funding": {
        "type": "opencollective",
        "url": "https://opencollective.com/bootstrap"
      },
      "peerDependencies": {
        "jquery": "1.9.1 - 3",
        "popper.js": "^1.16.1"
      }
    },
    "node_modules/jquery": {
      "version": "3.7.1",
      "resolved": "https://registry.npmjs.org/jquery/-/jquery-3.7.1.tgz",
      "integrity": "sha512-m4avr8yL8kmFN8psrbFFFmB/If14iN5o9nw/NgnnM+kybDJpRsAynV2BsfpTYrTRysYUdADVD7CkUUizgkpLfg==",
      "peer": true
    },
    "node_modules/popper.js": {
      "version": "1.16.1",
      "resolved": "https://registry.npmjs.org/popper.js/-/popper.js-1.16.1.tgz",
      "integrity": "sha512-Wb4p1J4zyFTbM+u6WuO4XstYx4Ky9Cewe4DWrel7B0w6VVICvPwdOpotjzcf6eD8TsckVnIMNONQyPIUFOUbCQ==",
      "deprecated": "You can find the new Popper v2 at @popperjs/core, this package is dedicated to the legacy v1",
      "peer": true,
      "funding": {
        "type": "opencollective",
        "url": "https://opencollective.com/popperjs"
      }
    },
    "node_modules/rxjs": {
      "version": "7.8.1",
      "resolved": "https://registry.npmjs.org/rxjs/-/rxjs-7.8.1.tgz",
      "integrity": "sha512-AA3TVj+0A2iuIoQkWEK/tqFjBq2j+6PO6Y0zJcvzLAFhEFIO3HL0vls9hWLncZbAAbK0mar7oZ4V079I/qPMxg==",
      "peer": true,
      "dependencies": {
        "tslib": "^2.1.0"
      }
    },
    "node_modules/tslib": {
      "version": "2.6.2",
      "resolved": "https://registry.npmjs.org/tslib/-/tslib-2.6.2.tgz",
      "integrity": "sha512-AEYxH93jGFPn/a2iVAwW87VuUIkR1FVUKB77NwMF7nBTDkDrrT/Hpt/IrCJ0QXhW27jTBDcf5ZY7w6RiqTMw2Q=="
    },
    "node_modules/xhr2": {
      "version": "0.2.1",
      "resolved": "https://registry.npmjs.org/xhr2/-/xhr2-0.2.1.tgz",
      "integrity": "sha512-sID0rrVCqkVNUn8t6xuv9+6FViXjUVXq8H5rWOH2rz9fDNQEd4g0EA2XlcEdJXRz5BMEn4O1pJFdT+z4YHhoWw==",
      "engines": {
        "node": ">= 6"
      }
    },
    "node_modules/zone.js": {
      "version": "0.14.4",
      "resolved": "https://registry.npmjs.org/zone.js/-/zone.js-0.14.4.tgz",
      "integrity": "sha512-NtTUvIlNELez7Q1DzKVIFZBzNb646boQMgpATo9z3Ftuu/gWvzxCW7jdjcUDoRGxRikrhVHB/zLXh1hxeJawvw==",
      "peer": true,
      "dependencies": {
        "tslib": "^2.3.0"
      }
    }
  }
}
